
Microsoft Visual Studio Solution File, Format Version 12.00
# Visual Studio Version 16
VisualStudioVersion = 16.0.29215.179
MinimumVisualStudioVersion = 10.0.40219.1
Project("{FAE04EC0-301F-11D3-BF4B-00C04F79EFBC}") = "ConvertToBinary", "ConvertToBinary\ConvertToBinary.csproj", "{CF80FF94-C6B1-430C-9AF3-4E236CE22725}"
EndProject
Global
	GlobalSection(SolutionConfigurationPlatforms) = preSolution
		Debug|Any CPU = Debug|Any CPU
		Release|Any CPU = Release|Any CPU
	EndGlobalSection
	GlobalSection(ProjectConfigurationPlatforms) = postSolution
		{CF80FF94-C6B1-430C-9AF3-4E236CE22725}.Debug|Any CPU.ActiveCfg = Debug|Any CPU
		{CF80FF94-C6B1-430C-9AF3-4E236CE22725}.Debug|Any CPU.Build.0 = Debug|Any CPU
		{CF80FF94-C6B1-430C-9AF3-4E236CE22725}.Release|Any CPU.ActiveCfg = Release|Any CPU
		{CF80FF94-C6B1-430C-9AF3-4E236CE22725}.Release|Any CPU.Build.0 = Release|Any CPU
	EndGlobalSection
	GlobalSection(SolutionProperties) = preSolution
		HideSolutionNode = FALSE
	EndGlobalSection
	GlobalSection(ExtensibilityGlobals) = postSolution
		SolutionGuid = {03692A5A-2417-4213-8581-E281976B7915}
	EndGlobalSection
EndGlobal
